// !$*UTF8*$!
{
	archiveVersion = 1;
	classes = {
	};
	objectVersion = 48;
	objects = {

/* Begin PBXBuildFile section */
		424172971FFAA9F40011DA2C /* AppDelegate.swift in Sources */ = {isa = PBXBuildFile; fileRef = 424172961FFAA9F40011DA2C /* AppDelegate.swift */; };
		424172991FFAA9F40011DA2C /* MainVC.swift in Sources */ = {isa = PBXBuildFile; fileRef = 424172981FFAA9F40011DA2C /* MainVC.swift */; };
		4241729C1FFAA9F50011DA2C /* Main.storyboard in Resources */ = {isa = PBXBuildFile; fileRef = 4241729A1FFAA9F50011DA2C /* Main.storyboard */; };
		4241729E1FFAA9F50011DA2C /* Assets.xcassets in Resources */ = {isa = PBXBuildFile; fileRef = 4241729D1FFAA9F50011DA2C /* Assets.xcassets */; };
		424172A11FFAA9F50011DA2C /* LaunchScreen.storyboard in Resources */ = {isa = PBXBuildFile; fileRef = 4241729F1FFAA9F50011DA2C /* LaunchScreen.storyboard */; };
		424172AB1FFAAF3F0011DA2C /* CurrencyTextField.swift in Sources */ = {isa = PBXBuildFile; fileRef = 424172AA1FFAAF3F0011DA2C /* CurrencyTextField.swift */; };
		424172B31FFACB490011DA2C /* Window_shopperTests.swift in Sources */ = {isa = PBXBuildFile; fileRef = 424172B21FFACB490011DA2C /* Window_shopperTests.swift */; };
		424172BA1FFACEF40011DA2C /* CurrencyTextField.swift in Sources */ = {isa = PBXBuildFile; fileRef = 424172AA1FFAAF3F0011DA2C /* CurrencyTextField.swift */; };
		424172BF1FFAECD70011DA2C /* Wage.swift in Sources */ = {isa = PBXBuildFile; fileRef = 424172BE1FFAECD70011DA2C /* Wage.swift */; };
		424172C01FFAF0580011DA2C /* Wage.swift in Sources */ = {isa = PBXBuildFile; fileRef = 424172BE1FFAECD70011DA2C /* Wage.swift */; };
		424172C11FFAF5CE0011DA2C /* MainVC.swift in Sources */ = {isa = PBXBuildFile; fileRef = 424172981FFAA9F40011DA2C /* MainVC.swift */; };
		424172C21FFAF5D40011DA2C /* Main.storyboard in Resources */ = {isa = PBXBuildFile; fileRef = 4241729A1FFAA9F50011DA2C /* Main.storyboard */; };
/* End PBXBuildFile section */

/* Begin PBXContainerItemProxy section */
		424172B51FFACB490011DA2C /* PBXContainerItemProxy */ = {
			isa = PBXContainerItemProxy;
			containerPortal = 4241728B1FFAA9F40011DA2C /* Project object */;
			proxyType = 1;
			remoteGlobalIDString = 424172921FFAA9F40011DA2C;
			remoteInfo = "Window-shopper";
		};
/* End PBXContainerItemProxy section */

/* Begin PBXFileReference section */
		424172931FFAA9F40011DA2C /* Window-shopper.app */ = {isa = PBXFileReference; explicitFileType = wrapper.application; includeInIndex = 0; path = "Window-shopper.app"; sourceTree = BUILT_PRODUCTS_DIR; };
		424172961FFAA9F40011DA2C /* AppDelegate.swift */ = {isa = PBXFileReference; lastKnownFileType = sourcecode.swift; path = AppDelegate.swift; sourceTree = "<group>"; };
		424172981FFAA9F40011DA2C /* MainVC.swift */ = {isa = PBXFileReference; lastKnownFileType = sourcecode.swift; name = MainVC.swift; path = "Window-shopper/Controller/MainVC.swift"; sourceTree = SOURCE_ROOT; };
		4241729B1FFAA9F50011DA2C /* Base */ = {isa = PBXFileReference; lastKnownFileType = file.storyboard; name = Base; path = Base.lproj/Main.storyboard; sourceTree = "<group>"; };
		4241729D1FFAA9F50011DA2C /* Assets.xcassets */ = {isa = PBXFileReference; lastKnownFileType = folder.assetcatalog; path = Assets.xcassets; sourceTree = "<group>"; };
		424172A01FFAA9F50011DA2C /* Base */ = {isa = PBXFileReference; lastKnownFileType = file.storyboard; name = Base; path = Base.lproj/LaunchScreen.storyboard; sourceTree = "<group>"; };
		424172A21FFAA9F50011DA2C /* Info.plist */ = {isa = PBXFileReference; lastKnownFileType = text.plist.xml; path = Info.plist; sourceTree = "<group>"; };
		424172AA1FFAAF3F0011DA2C /* CurrencyTextField.swift */ = {isa = PBXFileReference; lastKnownFileType = sourcecode.swift; path = CurrencyTextField.swift; sourceTree = "<group>"; };
		424172B01FFACB490011DA2C /* Window-shopperTests.xctest */ = {isa = PBXFileReference; explicitFileType = wrapper.cfbundle; includeInIndex = 0; path = "Window-shopperTests.xctest"; sourceTree = BUILT_PRODUCTS_DIR; };
		424172B21FFACB490011DA2C /* Window_shopperTests.swift */ = {isa = PBXFileReference; lastKnownFileType = sourcecode.swift; path = Window_shopperTests.swift; sourceTree = "<group>"; };
		424172B41FFACB490011DA2C /* Info.plist */ = {isa = PBXFileReference; lastKnownFileType = text.plist.xml; path = Info.plist; sourceTree = "<group>"; };
		424172BE1FFAECD70011DA2C /* Wage.swift */ = {isa = PBXFileReference; lastKnownFileType = sourcecode.swift; path = Wage.swift; sourceTree = "<group>"; };
/* End PBXFileReference section */

/* Begin PBXFrameworksBuildPhase section */
		424172901FFAA9F40011DA2C /* Frameworks */ = {
			isa = PBXFrameworksBuildPhase;
			buildActionMask = 2147483647;
			files = (
			);
			runOnlyForDeploymentPostprocessing = 0;
		};
		424172AD1FFACB490011DA2C /* Frameworks */ = {
			isa = PBXFrameworksBuildPhase;
			buildActionMask = 2147483647;
			files = (
			);
			runOnlyForDeploymentPostprocessing = 0;
		};
/* End PBXFrameworksBuildPhase section */

/* Begin PBXGroup section */
		4241728A1FFAA9F40011DA2C = {
			isa = PBXGroup;
			children = (
				424172951FFAA9F40011DA2C /* Window-shopper */,
				424172B11FFACB490011DA2C /* Window-shopperTests */,
				424172941FFAA9F40011DA2C /* Products */,
			);
			sourceTree = "<group>";
		};
		424172941FFAA9F40011DA2C /* Products */ = {
			isa = PBXGroup;
			children = (
				424172931FFAA9F40011DA2C /* Window-shopper.app */,
				424172B01FFACB490011DA2C /* Window-shopperTests.xctest */,
			);
			name = Products;
			sourceTree = "<group>";
		};
		424172951FFAA9F40011DA2C /* Window-shopper */ = {
			isa = PBXGroup;
			children = (
				424172BB1FFAECA30011DA2C /* Model */,
				424172A91FFAAEE10011DA2C /* Upgrades */,
				424172A81FFAAB090011DA2C /* Controller */,
				424172961FFAA9F40011DA2C /* AppDelegate.swift */,
				4241729A1FFAA9F50011DA2C /* Main.storyboard */,
				4241729D1FFAA9F50011DA2C /* Assets.xcassets */,
				4241729F1FFAA9F50011DA2C /* LaunchScreen.storyboard */,
				424172A21FFAA9F50011DA2C /* Info.plist */,
			);
			path = "Window-shopper";
			sourceTree = "<group>";
		};
		424172A81FFAAB090011DA2C /* Controller */ = {
			isa = PBXGroup;
			children = (
				424172981FFAA9F40011DA2C /* MainVC.swift */,
			);
			path = Controller;
			sourceTree = "<group>";
		};
		424172A91FFAAEE10011DA2C /* Upgrades */ = {
			isa = PBXGroup;
			children = (
				424172AA1FFAAF3F0011DA2C /* CurrencyTextField.swift */,
			);
			path = Upgrades;
			sourceTree = "<group>";
		};
		424172B11FFACB490011DA2C /* Window-shopperTests */ = {
			isa = PBXGroup;
			children = (
				424172B21FFACB490011DA2C /* Window_shopperTests.swift */,
				424172B41FFACB490011DA2C /* Info.plist */,
			);
			path = "Window-shopperTests";
			sourceTree = "<group>";
		};
		424172BB1FFAECA30011DA2C /* Model */ = {
			isa = PBXGroup;
			children = (
				424172BE1FFAECD70011DA2C /* Wage.swift */,
			);
			path = Model;
			sourceTree = "<group>";
		};
/* End PBXGroup section */

/* Begin PBXNativeTarget section */
		424172921FFAA9F40011DA2C /* Window-shopper */ = {
			isa = PBXNativeTarget;
			buildConfigurationList = 424172A51FFAA9F50011DA2C /* Build configuration list for PBXNativeTarget "Window-shopper" */;
			buildPhases = (
				4241728F1FFAA9F40011DA2C /* Sources */,
				424172901FFAA9F40011DA2C /* Frameworks */,
				424172911FFAA9F40011DA2C /* Resources */,
			);
			buildRules = (
			);
			dependencies = (
			);
			name = "Window-shopper";
			productName = "Window-shopper";
			productReference = 424172931FFAA9F40011DA2C /* Window-shopper.app */;
			productType = "com.apple.product-type.application";
		};
		424172AF1FFACB490011DA2C /* Window-shopperTests */ = {
			isa = PBXNativeTarget;
			buildConfigurationList = 424172B71FFACB490011DA2C /* Build configuration list for PBXNativeTarget "Window-shopperTests" */;
			buildPhases = (
				424172AC1FFACB490011DA2C /* Sources */,
				424172AD1FFACB490011DA2C /* Frameworks */,
				424172AE1FFACB490011DA2C /* Resources */,
			);
			buildRules = (
			);
			dependencies = (
				424172B61FFACB490011DA2C /* PBXTargetDependency */,
			);
			name = "Window-shopperTests";
			productName = "Window-shopperTests";
			productReference = 424172B01FFACB490011DA2C /* Window-shopperTests.xctest */;
			productType = "com.apple.product-type.bundle.unit-test";
		};
/* End PBXNativeTarget section */

/* Begin PBXProject section */
		4241728B1FFAA9F40011DA2C /* Project object */ = {
			isa = PBXProject;
			attributes = {
				LastSwiftUpdateCheck = 0920;
				LastUpgradeCheck = 0920;
				ORGANIZATIONNAME = "Gabriel Balta";
				TargetAttributes = {
					424172921FFAA9F40011DA2C = {
						CreatedOnToolsVersion = 9.2;
						ProvisioningStyle = Automatic;
					};
					424172AF1FFACB490011DA2C = {
						CreatedOnToolsVersion = 9.2;
						ProvisioningStyle = Automatic;
						TestTargetID = 424172921FFAA9F40011DA2C;
					};
				};
			};
			buildConfigurationList = 4241728E1FFAA9F40011DA2C /* Build configuration list for PBXProject "Window-shopper" */;
			compatibilityVersion = "Xcode 8.0";
			developmentRegion = en;
			hasScannedForEncodings = 0;
			knownRegions = (
				en,
				Base,
			);
			mainGroup = 4241728A1FFAA9F40011DA2C;
			productRefGroup = 424172941FFAA9F40011DA2C /* Products */;
			projectDirPath = "";
			projectRoot = "";
			targets = (
				424172921FFAA9F40011DA2C /* Window-shopper */,
				424172AF1FFACB490011DA2C /* Window-shopperTests */,
			);
		};
/* End PBXProject section */

/* Begin PBXResourcesBuildPhase section */
		424172911FFAA9F40011DA2C /* Resources */ = {
			isa = PBXResourcesBuildPhase;
			buildActionMask = 2147483647;
			files = (
				424172A11FFAA9F50011DA2C /* LaunchScreen.storyboard in Resources */,
				4241729E1FFAA9F50011DA2C /* Assets.xcassets in Resources */,
				4241729C1FFAA9F50011DA2C /* Main.storyboard in Resources */,
			);
			runOnlyForDeploymentPostprocessing = 0;
		};
		424172AE1FFACB490011DA2C /* Resources */ = {
			isa = PBXResourcesBuildPhase;
			buildActionMask = 2147483647;
			files = (
				424172C21FFAF5D40011DA2C /* Main.storyboard in Resources */,
			);
			runOnlyForDeploymentPostprocessing = 0;
		};
/* End PBXResourcesBuildPhase section */

/* Begin PBXSourcesBuildPhase section */
		4241728F1FFAA9F40011DA2C /* Sources */ = {
			isa = PBXSourcesBuildPhase;
			buildActionMask = 2147483647;
			files = (
				424172AB1FFAAF3F0011DA2C /* CurrencyTextField.swift in Sources */,
				424172BF1FFAECD70011DA2C /* Wage.swift in Sources */,
				424172991FFAA9F40011DA2C /* MainVC.swift in Sources */,
				424172971FFAA9F40011DA2C /* AppDelegate.swift in Sources */,
			);
			runOnlyForDeploymentPostprocessing = 0;
		};
		424172AC1FFACB490011DA2C /* Sources */ = {
			isa = PBXSourcesBuildPhase;
			buildActionMask = 2147483647;
			files = (
				424172BA1FFACEF40011DA2C /* CurrencyTextField.swift in Sources */,
				424172C11FFAF5CE0011DA2C /* MainVC.swift in Sources */,
				424172C01FFAF0580011DA2C /* Wage.swift in Sources */,
				424172B31FFACB490011DA2C /* Window_shopperTests.swift in Sources */,
			);
			runOnlyForDeploymentPostprocessing = 0;
		};
/* End PBXSourcesBuildPhase section */

/* Begin PBXTargetDependency section */
		424172B61FFACB490011DA2C /* PBXTargetDependency */ = {
			isa = PBXTargetDependency;
			target = 424172921FFAA9F40011DA2C /* Window-shopper */;
			targetProxy = 424172B51FFACB490011DA2C /* PBXContainerItemProxy */;
		};
/* End PBXTargetDependency section */

/* Begin PBXVariantGroup section */
		4241729A1FFAA9F50011DA2C /* Main.storyboard */ = {
			isa = PBXVariantGroup;
			children = (
				4241729B1FFAA9F50011DA2C /* Base */,
			);
			name = Main.storyboard;
			path = "Window-shopper";
			sourceTree = SOURCE_ROOT;
		};
		4241729F1FFAA9F50011DA2C /* LaunchScreen.storyboard */ = {
			isa = PBXVariantGroup;
			children = (
				424172A01FFAA9F50011DA2C /* Base */,
			);
			name = LaunchScreen.storyboard;
			sourceTree = "<group>";
		};
/* End PBXVariantGroup section */

/* Begin XCBuildConfiguration section */
		424172A31FFAA9F50011DA2C /* Debug */ = {
			isa = XCBuildConfiguration;
			buildSettings = {
				ALWAYS_SEARCH_USER_PATHS = NO;
				CLANG_ANALYZER_NONNULL = YES;
				CLANG_ANALYZER_NUMBER_OBJECT_CONVERSION = YES_AGGRESSIVE;
				CLANG_CXX_LANGUAGE_STANDARD = "gnu++14";
				CLANG_CXX_LIBRARY = "libc++";
				CLANG_ENABLE_MODULES = YES;
				CLANG_ENABLE_OBJC_ARC = YES;
				CLANG_WARN_BLOCK_CAPTURE_AUTORELEASING = YES;
				CLANG_WARN_BOOL_CONVERSION = YES;
				CLANG_WARN_COMMA = YES;
				CLANG_WARN_CONSTANT_CONVERSION = YES;
				CLANG_WARN_DIRECT_OBJC_ISA_USAGE = YES_ERROR;
				CLANG_WARN_DOCUMENTATION_COMMENTS = YES;
				CLANG_WARN_EMPTY_BODY = YES;
				CLANG_WARN_ENUM_CONVERSION = YES;
				CLANG_WARN_INFINITE_RECURSION = YES;
				CLANG_WARN_INT_CONVERSION = YES;
				CLANG_WARN_NON_LITERAL_NULL_CONVERSION = YES;
				CLANG_WARN_OBJC_LITERAL_CONVERSION = YES;
				CLANG_WARN_OBJC_ROOT_CLASS = YES_ERROR;
				CLANG_WARN_RANGE_LOOP_ANALYSIS = YES;
				CLANG_WARN_STRICT_PROTOTYPES = YES;
				CLANG_WARN_SUSPICIOUS_MOVE = YES;
				CLANG_WARN_UNGUARDED_AVAILABILITY = YES_AGGRESSIVE;
				CLANG_WARN_UNREACHABLE_CODE = YES;
				CLANG_WARN__DUPLICATE_METHOD_MATCH = YES;
				CODE_SIGN_IDENTITY = "iPhone Developer";
				COPY_PHASE_STRIP = NO;
				DEBUG_INFORMATION_FORMAT = dwarf;
				ENABLE_STRICT_OBJC_MSGSEND = YES;
				ENABLE_TESTABILITY = YES;
				GCC_C_LANGUAGE_STANDARD = gnu11;
				GCC_DYNAMIC_NO_PIC = NO;
				GCC_NO_COMMON_BLOCKS = YES;
				GCC_OPTIMIZATION_LEVEL = 0;
				GCC_PREPROCESSOR_DEFINITIONS = (
					"DEBUG=1",
					"$(inherited)",
				);
				GCC_WARN_64_TO_32_BIT_CONVERSION = YES;
				GCC_WARN_ABOUT_RETURN_TYPE = YES_ERROR;
				GCC_WARN_UNDECLARED_SELECTOR = YES;
				GCC_WARN_UNINITIALIZED_AUTOS = YES_AGGRESSIVE;
				GCC_WARN_UNUSED_FUNCTION = YES;
				GCC_WARN_UNUSED_VARIABLE = YES;
				IPHONEOS_DEPLOYMENT_TARGET = 11.2;
				MTL_ENABLE_DEBUG_INFO = YES;
				ONLY_ACTIVE_ARCH = YES;
				SDKROOT = iphoneos;
				SWIFT_ACTIVE_COMPILATION_CONDITIONS = DEBUG;
				SWIFT_OPTIMIZATION_LEVEL = "-Onone";
			};
			name = Debug;
		};
		424172A41FFAA9F50011DA2C /* Release */ = {
			isa = XCBuildConfiguration;
			buildSettings = {
				ALWAYS_SEARCH_USER_PATHS = NO;
				CLANG_ANALYZER_NONNULL = YES;
				CLANG_ANALYZER_NUMBER_OBJECT_CONVERSION = YES_AGGRESSIVE;
				CLANG_CXX_LANGUAGE_STANDARD = "gnu++14";
				CLANG_CXX_LIBRARY = "libc++";
				CLANG_ENABLE_MODULES = YES;
				CLANG_ENABLE_OBJC_ARC = YES;
				CLANG_WARN_BLOCK_CAPTURE_AUTORELEASING = YES;
				CLANG_WARN_BOOL_CONVERSION = YES;
				CLANG_WARN_COMMA = YES;
				CLANG_WARN_CONSTANT_CONVERSION = YES;
				CLANG_WARN_DIRECT_OBJC_ISA_USAGE = YES_ERROR;
				CLANG_WARN_DOCUMENTATION_COMMENTS = YES;
				CLANG_WARN_EMPTY_BODY = YES;
				CLANG_WARN_ENUM_CONVERSION = YES;
				CLANG_WARN_INFINITE_RECURSION = YES;
				CLANG_WARN_INT_CONVERSION = YES;
				CLANG_WARN_NON_LITERAL_NULL_CONVERSION = YES;
				CLANG_WARN_OBJC_LITERAL_CONVERSION = YES;
				CLANG_WARN_OBJC_ROOT_CLASS = YES_ERROR;
				CLANG_WARN_RANGE_LOOP_ANALYSIS = YES;
				CLANG_WARN_STRICT_PROTOTYPES = YES;
				CLANG_WARN_SUSPICIOUS_MOVE = YES;
				CLANG_WARN_UNGUARDED_AVAILABILITY = YES_AGGRESSIVE;
				CLANG_WARN_UNREACHABLE_CODE = YES;
				CLANG_WARN__DUPLICATE_METHOD_MATCH = YES;
				CODE_SIGN_IDENTITY = "iPhone Developer";
				COPY_PHASE_STRIP = NO;
				DEBUG_INFORMATION_FORMAT = "dwarf-with-dsym";
				ENABLE_NS_ASSERTIONS = NO;
				ENABLE_STRICT_OBJC_MSGSEND = YES;
				GCC_C_LANGUAGE_STANDARD = gnu11;
				GCC_NO_COMMON_BLOCKS = YES;
				GCC_WARN_64_TO_32_BIT_CONVERSION = YES;
				GCC_WARN_ABOUT_RETURN_TYPE = YES_ERROR;
				GCC_WARN_UNDECLARED_SELECTOR = YES;
				GCC_WARN_UNINITIALIZED_AUTOS = YES_AGGRESSIVE;
				GCC_WARN_UNUSED_FUNCTION = YES;
				GCC_WARN_UNUSED_VARIABLE = YES;
				IPHONEOS_DEPLOYMENT_TARGET = 11.2;
				MTL_ENABLE_DEBUG_INFO = NO;
				SDKROOT = iphoneos;
				SWIFT_OPTIMIZATION_LEVEL = "-Owholemodule";
				VALIDATE_PRODUCT = YES;
			};
			name = Release;
		};
		424172A61FFAA9F50011DA2C /* Debug */ = {
			isa = XCBuildConfiguration;
			buildSettings = {
				ASSETCATALOG_COMPILER_APPICON_NAME = AppIcon;
				CODE_SIGN_STYLE = Automatic;
				INFOPLIST_FILE = "Window-shopper/Info.plist";
				LD_RUNPATH_SEARCH_PATHS = "$(inherited) @executable_path/Frameworks";
				PRODUCT_BUNDLE_IDENTIFIER = "com.nemam.Window-shopper";
				PRODUCT_NAME = "$(TARGET_NAME)";
				SWIFT_VERSION = 4.0;
				TARGETED_DEVICE_FAMILY = "1,2";
			};
			name = Debug;
		};
		424172A71FFAA9F50011DA2C /* Release */ = {
			isa = XCBuildConfiguration;
			buildSettings = {
				ASSETCATALOG_COMPILER_APPICON_NAME = AppIcon;
				CODE_SIGN_STYLE = Automatic;
				INFOPLIST_FILE = "Window-shopper/Info.plist";
				LD_RUNPATH_SEARCH_PATHS = "$(inherited) @executable_path/Frameworks";
				PRODUCT_BUNDLE_IDENTIFIER = "com.nemam.Window-shopper";
				PRODUCT_NAME = "$(TARGET_NAME)";
				SWIFT_VERSION = 4.0;
				TARGETED_DEVICE_FAMILY = "1,2";
			};
			name = Release;
		};
		424172B81FFACB490011DA2C /* Debug */ = {
			isa = XCBuildConfiguration;
			buildSettings = {
				BUNDLE_LOADER = "$(TEST_HOST)";
				CODE_SIGN_STYLE = Automatic;
				DEVELOPMENT_TEAM = Q4YKPW2G86;
				INFOPLIST_FILE = "Window-shopperTests/Info.plist";
				LD_RUNPATH_SEARCH_PATHS = "$(inherited) @executable_path/Frameworks @loader_path/Frameworks";
				PRODUCT_BUNDLE_IDENTIFIER = "com.nemam.Window-shopperTests";
				PRODUCT_NAME = "$(TARGET_NAME)";
				SWIFT_VERSION = 4.0;
				TARGETED_DEVICE_FAMILY = "1,2";
				TEST_HOST = "$(BUILT_PRODUCTS_DIR)/Window-shopper.app/Window-shopper";
			};
			name = Debug;
		};
		424172B91FFACB490011DA2C /* Release */ = {
			isa = XCBuildConfiguration;
			buildSettings = {
				BUNDLE_LOADER = "$(TEST_HOST)";
				CODE_SIGN_STYLE = Automatic;
				DEVELOPMENT_TEAM = Q4YKPW2G86;
				INFOPLIST_FILE = "Window-shopperTests/Info.plist";
				LD_RUNPATH_SEARCH_PATHS = "$(inherited) @executable_path/Frameworks @loader_path/Frameworks";
				PRODUCT_BUNDLE_IDENTIFIER = "com.nemam.Window-shopperTests";
				PRODUCT_NAME = "$(TARGET_NAME)";
				SWIFT_VERSION = 4.0;
				TARGETED_DEVICE_FAMILY = "1,2";
				TEST_HOST = "$(BUILT_PRODUCTS_DIR)/Window-shopper.app/Window-shopper";
			};
			name = Release;
		};
/* End XCBuildConfiguration section */

/* Begin XCConfigurationList section */
		4241728E1FFAA9F40011DA2C /* Build configuration list for PBXProject "Window-shopper" */ = {
			isa = XCConfigurationList;
			buildConfigurations = (
				424172A31FFAA9F50011DA2C /* Debug */,
				424172A41FFAA9F50011DA2C /* Release */,
			);
			defaultConfigurationIsVisible = 0;
			defaultConfigurationName = Release;
		};
		424172A51FFAA9F50011DA2C /* Build configuration list for PBXNativeTarget "Window-shopper" */ = {
			isa = XCConfigurationList;
			buildConfigurations = (
				424172A61FFAA9F50011DA2C /* Debug */,
				424172A71FFAA9F50011DA2C /* Release */,
			);
			defaultConfigurationIsVisible = 0;
			defaultConfigurationName = Release;
		};
		424172B71FFACB490011DA2C /* Build configuration list for PBXNativeTarget "Window-shopperTests" */ = {
			isa = XCConfigurationList;
			buildConfigurations = (
				424172B81FFACB490011DA2C /* Debug */,
				424172B91FFACB490011DA2C /* Release */,
			);
			defaultConfigurationIsVisible = 0;
			defaultConfigurationName = Release;
		};
/* End XCConfigurationList section */
	};
	rootObject = 4241728B1FFAA9F40011DA2C /* Project object */;
}
